
Microsoft Visual Studio Solution File, Format Version 12.00
# Visual Studio Version 17
VisualStudioVersion = 17.9.34723.18
MinimumVisualStudioVersion = 10.0.40219.1
Project("{FAE04EC0-301F-11D3-BF4B-00C04F79EFBC}") = "Server", "Server\Server.csproj", "{316801B5-E30E-4D92-8A49-302F97D9515A}"
EndProject
Project("{FAE04EC0-301F-11D3-BF4B-00C04F79EFBC}") = "Client", "Client\Client.csproj", "{AFE40640-DDC1-4D93-906A-8AC04A4A4D0C}"
EndProject
Project("{FAE04EC0-301F-11D3-BF4B-00C04F79EFBC}") = "BaseLibrary", "BaseLibrary\BaseLibrary.csproj", "{5B684842-07A1-4840-8CE7-75A924C845A6}"
EndProject
Project("{FAE04EC0-301F-11D3-BF4B-00C04F79EFBC}") = "ClientLibrary", "ClientLibrary\ClientLibrary.csproj", "{B6516B80-4688-47F0-A759-F558411AE891}"
EndProject
Project("{FAE04EC0-301F-11D3-BF4B-00C04F79EFBC}") = "ServerLibrary", "ServerLibrary\ServerLibrary.csproj", "{4A13B8F1-8E2F-405D-BD19-E081F4698A32}"
EndProject
Global
	GlobalSection(SolutionConfigurationPlatforms) = preSolution
		Debug|Any CPU = Debug|Any CPU
		Release|Any CPU = Release|Any CPU
	EndGlobalSection
	GlobalSection(ProjectConfigurationPlatforms) = postSolution
		{316801B5-E30E-4D92-8A49-302F97D9515A}.Debug|Any CPU.ActiveCfg = Debug|Any CPU
		{316801B5-E30E-4D92-8A49-302F97D9515A}.Debug|Any CPU.Build.0 = Debug|Any CPU
		{316801B5-E30E-4D92-8A49-302F97D9515A}.Release|Any CPU.ActiveCfg = Release|Any CPU
		{316801B5-E30E-4D92-8A49-302F97D9515A}.Release|Any CPU.Build.0 = Release|Any CPU
		{AFE40640-DDC1-4D93-906A-8AC04A4A4D0C}.Debug|Any CPU.ActiveCfg = Debug|Any CPU
		{AFE40640-DDC1-4D93-906A-8AC04A4A4D0C}.Debug|Any CPU.Build.0 = Debug|Any CPU
		{AFE40640-DDC1-4D93-906A-8AC04A4A4D0C}.Release|Any CPU.ActiveCfg = Release|Any CPU
		{AFE40640-DDC1-4D93-906A-8AC04A4A4D0C}.Release|Any CPU.Build.0 = Release|Any CPU
		{5B684842-07A1-4840-8CE7-75A924C845A6}.Debug|Any CPU.ActiveCfg = Debug|Any CPU
		{5B684842-07A1-4840-8CE7-75A924C845A6}.Debug|Any CPU.Build.0 = Debug|Any CPU
		{5B684842-07A1-4840-8CE7-75A924C845A6}.Release|Any CPU.ActiveCfg = Release|Any CPU
		{5B684842-07A1-4840-8CE7-75A924C845A6}.Release|Any CPU.Build.0 = Release|Any CPU
		{B6516B80-4688-47F0-A759-F558411AE891}.Debug|Any CPU.ActiveCfg = Debug|Any CPU
		{B6516B80-4688-47F0-A759-F558411AE891}.Debug|Any CPU.Build.0 = Debug|Any CPU
		{B6516B80-4688-47F0-A759-F558411AE891}.Release|Any CPU.ActiveCfg = Release|Any CPU
		{B6516B80-4688-47F0-A759-F558411AE891}.Release|Any CPU.Build.0 = Release|Any CPU
		{4A13B8F1-8E2F-405D-BD19-E081F4698A32}.Debug|Any CPU.ActiveCfg = Debug|Any CPU
		{4A13B8F1-8E2F-405D-BD19-E081F4698A32}.Debug|Any CPU.Build.0 = Debug|Any CPU
		{4A13B8F1-8E2F-405D-BD19-E081F4698A32}.Release|Any CPU.ActiveCfg = Release|Any CPU
		{4A13B8F1-8E2F-405D-BD19-E081F4698A32}.Release|Any CPU.Build.0 = Release|Any CPU
	EndGlobalSection
	GlobalSection(SolutionProperties) = preSolution
		HideSolutionNode = FALSE
	EndGlobalSection
	GlobalSection(ExtensibilityGlobals) = postSolution
		SolutionGuid = {8760E447-1460-4E49-8DC5-41F19E6FB946}
	EndGlobalSection
EndGlobal
